// !$*UTF8*$!
{
	archiveVersion = 1;
	classes = {
	};
	objectVersion = 56;
	objects = {

/* Begin PBXBuildFile section */
		F9CF81E12C8994650029E7EE /* HNTestMobileApp.swift in Sources */ = {isa = PBXBuildFile; fileRef = F9CF81E02C8994650029E7EE /* HNTestMobileApp.swift */; };
		F9CF81E52C8994660029E7EE /* Assets.xcassets in Resources */ = {isa = PBXBuildFile; fileRef = F9CF81E42C8994660029E7EE /* Assets.xcassets */; };
		F9CF81E82C8994660029E7EE /* Preview Assets.xcassets in Resources */ = {isa = PBXBuildFile; fileRef = F9CF81E72C8994660029E7EE /* Preview Assets.xcassets */; };
		F9CF81F52C899D6A0029E7EE /* HNTestMobile.xcdatamodeld in Sources */ = {isa = PBXBuildFile; fileRef = F9CF81F32C899D6A0029E7EE /* HNTestMobile.xcdatamodeld */; };
		F9CF81F72C899D9B0029E7EE /* CoreDataStack.swift in Sources */ = {isa = PBXBuildFile; fileRef = F9CF81F62C899D9B0029E7EE /* CoreDataStack.swift */; };
		F9CF81FC2C89A2ED0029E7EE /* ArticleViewModel.swift in Sources */ = {isa = PBXBuildFile; fileRef = F9CF81FB2C89A2ED0029E7EE /* ArticleViewModel.swift */; };
		F9CF81FF2C89A3590029E7EE /* ArticleItemView.swift in Sources */ = {isa = PBXBuildFile; fileRef = F9CF81FE2C89A3590029E7EE /* ArticleItemView.swift */; };
		F9CF82012C89A3880029E7EE /* NewsListView.swift in Sources */ = {isa = PBXBuildFile; fileRef = F9CF82002C89A3880029E7EE /* NewsListView.swift */; };
		F9CF82032C89A3DC0029E7EE /* WebView.swift in Sources */ = {isa = PBXBuildFile; fileRef = F9CF82022C89A3DC0029E7EE /* WebView.swift */; };
		F9CF820A2C89A63F0029E7EE /* RemoteArticleDataSource.swift in Sources */ = {isa = PBXBuildFile; fileRef = F9CF82092C89A63F0029E7EE /* RemoteArticleDataSource.swift */; };
		F9CF820C2C89A6940029E7EE /* LocalArticleDataSource.swift in Sources */ = {isa = PBXBuildFile; fileRef = F9CF820B2C89A6940029E7EE /* LocalArticleDataSource.swift */; };
		F9CF820F2C89A7460029E7EE /* ArticleRepositoryImpl.swift in Sources */ = {isa = PBXBuildFile; fileRef = F9CF820E2C89A7460029E7EE /* ArticleRepositoryImpl.swift */; };
		F9CF82112C89A7720029E7EE /* ArticleRepository.swift in Sources */ = {isa = PBXBuildFile; fileRef = F9CF82102C89A7720029E7EE /* ArticleRepository.swift */; };
		F9CF82132C89A7B00029E7EE /* Article.swift in Sources */ = {isa = PBXBuildFile; fileRef = F9CF82122C89A7B00029E7EE /* Article.swift */; };
		F9CF82162C89A8A20029E7EE /* NetworkService.swift in Sources */ = {isa = PBXBuildFile; fileRef = F9CF82152C89A8A20029E7EE /* NetworkService.swift */; };
		F9CF82192C89A9290029E7EE /* ArticleRepositoryFactory.swift in Sources */ = {isa = PBXBuildFile; fileRef = F9CF82182C89A9290029E7EE /* ArticleRepositoryFactory.swift */; };
		F9CF821D2C89AA760029E7EE /* NetworkMonitor.swift in Sources */ = {isa = PBXBuildFile; fileRef = F9CF821C2C89AA760029E7EE /* NetworkMonitor.swift */; };
		F9CF821F2C89AAC30029E7EE /* Constants.swift in Sources */ = {isa = PBXBuildFile; fileRef = F9CF821E2C89AAC30029E7EE /* Constants.swift */; };
/* End PBXBuildFile section */

/* Begin PBXFileReference section */
		F9CF81DD2C8994650029E7EE /* HNTestMobile.app */ = {isa = PBXFileReference; explicitFileType = wrapper.application; includeInIndex = 0; path = HNTestMobile.app; sourceTree = BUILT_PRODUCTS_DIR; };
		F9CF81E02C8994650029E7EE /* HNTestMobileApp.swift */ = {isa = PBXFileReference; lastKnownFileType = sourcecode.swift; path = HNTestMobileApp.swift; sourceTree = "<group>"; };
		F9CF81E42C8994660029E7EE /* Assets.xcassets */ = {isa = PBXFileReference; lastKnownFileType = folder.assetcatalog; path = Assets.xcassets; sourceTree = "<group>"; };
		F9CF81E72C8994660029E7EE /* Preview Assets.xcassets */ = {isa = PBXFileReference; lastKnownFileType = folder.assetcatalog; path = "Preview Assets.xcassets"; sourceTree = "<group>"; };
		F9CF81F42C899D6A0029E7EE /* HNTestMobile.xcdatamodel */ = {isa = PBXFileReference; lastKnownFileType = wrapper.xcdatamodel; path = HNTestMobile.xcdatamodel; sourceTree = "<group>"; };
		F9CF81F62C899D9B0029E7EE /* CoreDataStack.swift */ = {isa = PBXFileReference; lastKnownFileType = sourcecode.swift; path = CoreDataStack.swift; sourceTree = "<group>"; };
		F9CF81FB2C89A2ED0029E7EE /* ArticleViewModel.swift */ = {isa = PBXFileReference; lastKnownFileType = sourcecode.swift; path = ArticleViewModel.swift; sourceTree = "<group>"; };
		F9CF81FE2C89A3590029E7EE /* ArticleItemView.swift */ = {isa = PBXFileReference; lastKnownFileType = sourcecode.swift; path = ArticleItemView.swift; sourceTree = "<group>"; };
		F9CF82002C89A3880029E7EE /* NewsListView.swift */ = {isa = PBXFileReference; lastKnownFileType = sourcecode.swift; path = NewsListView.swift; sourceTree = "<group>"; };
		F9CF82022C89A3DC0029E7EE /* WebView.swift */ = {isa = PBXFileReference; lastKnownFileType = sourcecode.swift; path = WebView.swift; sourceTree = "<group>"; };
		F9CF82092C89A63F0029E7EE /* RemoteArticleDataSource.swift */ = {isa = PBXFileReference; lastKnownFileType = sourcecode.swift; path = RemoteArticleDataSource.swift; sourceTree = "<group>"; };
		F9CF820B2C89A6940029E7EE /* LocalArticleDataSource.swift */ = {isa = PBXFileReference; lastKnownFileType = sourcecode.swift; path = LocalArticleDataSource.swift; sourceTree = "<group>"; };
		F9CF820E2C89A7460029E7EE /* ArticleRepositoryImpl.swift */ = {isa = PBXFileReference; lastKnownFileType = sourcecode.swift; path = ArticleRepositoryImpl.swift; sourceTree = "<group>"; };
		F9CF82102C89A7720029E7EE /* ArticleRepository.swift */ = {isa = PBXFileReference; lastKnownFileType = sourcecode.swift; path = ArticleRepository.swift; sourceTree = "<group>"; };
		F9CF82122C89A7B00029E7EE /* Article.swift */ = {isa = PBXFileReference; lastKnownFileType = sourcecode.swift; path = Article.swift; sourceTree = "<group>"; };
		F9CF82152C89A8A20029E7EE /* NetworkService.swift */ = {isa = PBXFileReference; lastKnownFileType = sourcecode.swift; path = NetworkService.swift; sourceTree = "<group>"; };
		F9CF82182C89A9290029E7EE /* ArticleRepositoryFactory.swift */ = {isa = PBXFileReference; lastKnownFileType = sourcecode.swift; path = ArticleRepositoryFactory.swift; sourceTree = "<group>"; };
		F9CF821C2C89AA760029E7EE /* NetworkMonitor.swift */ = {isa = PBXFileReference; lastKnownFileType = sourcecode.swift; path = NetworkMonitor.swift; sourceTree = "<group>"; };
		F9CF821E2C89AAC30029E7EE /* Constants.swift */ = {isa = PBXFileReference; lastKnownFileType = sourcecode.swift; path = Constants.swift; sourceTree = "<group>"; };
/* End PBXFileReference section */

/* Begin PBXFrameworksBuildPhase section */
		F9CF81DA2C8994650029E7EE /* Frameworks */ = {
			isa = PBXFrameworksBuildPhase;
			buildActionMask = 2147483647;
			files = (
			);
			runOnlyForDeploymentPostprocessing = 0;
		};
/* End PBXFrameworksBuildPhase section */

/* Begin PBXGroup section */
		F9CF81D42C8994650029E7EE = {
			isa = PBXGroup;
			children = (
				F9CF81DF2C8994650029E7EE /* HNTestMobile */,
				F9CF81DE2C8994650029E7EE /* Products */,
			);
			sourceTree = "<group>";
		};
		F9CF81DE2C8994650029E7EE /* Products */ = {
			isa = PBXGroup;
			children = (
				F9CF81DD2C8994650029E7EE /* HNTestMobile.app */,
			);
			name = Products;
			sourceTree = "<group>";
		};
		F9CF81DF2C8994650029E7EE /* HNTestMobile */ = {
			isa = PBXGroup;
			children = (
				F9CF821B2C89AA5B0029E7EE /* Utils */,
				F9CF82052C89A44B0029E7EE /* Domain */,
				F9CF81F92C89A21B0029E7EE /* Presentation */,
				F9CF81F82C899DDF0029E7EE /* Data */,
				F9CF81E02C8994650029E7EE /* HNTestMobileApp.swift */,
				F9CF81E42C8994660029E7EE /* Assets.xcassets */,
				F9CF81E62C8994660029E7EE /* Preview Content */,
			);
			path = HNTestMobile;
			sourceTree = "<group>";
		};
		F9CF81E62C8994660029E7EE /* Preview Content */ = {
			isa = PBXGroup;
			children = (
				F9CF81E72C8994660029E7EE /* Preview Assets.xcassets */,
			);
			path = "Preview Content";
			sourceTree = "<group>";
		};
		F9CF81F82C899DDF0029E7EE /* Data */ = {
			isa = PBXGroup;
			children = (
				F9CF82172C89A8FF0029E7EE /* Factory */,
				F9CF82142C89A8680029E7EE /* Network */,
				F9CF820D2C89A6B60029E7EE /* Repository */,
				F9CF82082C89A6160029E7EE /* Datasource */,
				F9CF82072C89A5D40029E7EE /* Persistence */,
			);
			path = Data;
			sourceTree = "<group>";
		};
		F9CF81F92C89A21B0029E7EE /* Presentation */ = {
			isa = PBXGroup;
			children = (
				F9CF82042C89A41D0029E7EE /* NewsList */,
			);
			path = Presentation;
			sourceTree = "<group>";
		};
		F9CF81FA2C89A2300029E7EE /* ViewModel */ = {
			isa = PBXGroup;
			children = (
				F9CF81FB2C89A2ED0029E7EE /* ArticleViewModel.swift */,
			);
			path = ViewModel;
			sourceTree = "<group>";
		};
		F9CF81FD2C89A3200029E7EE /* View */ = {
			isa = PBXGroup;
			children = (
				F9CF81FE2C89A3590029E7EE /* ArticleItemView.swift */,
				F9CF82002C89A3880029E7EE /* NewsListView.swift */,
				F9CF82022C89A3DC0029E7EE /* WebView.swift */,
			);
			path = View;
			sourceTree = "<group>";
		};
		F9CF82042C89A41D0029E7EE /* NewsList */ = {
			isa = PBXGroup;
			children = (
				F9CF81FD2C89A3200029E7EE /* View */,
				F9CF81FA2C89A2300029E7EE /* ViewModel */,
			);
			path = NewsList;
			sourceTree = "<group>";
		};
		F9CF82052C89A44B0029E7EE /* Domain */ = {
			isa = PBXGroup;
			children = (
				F9CF82062C89A45F0029E7EE /* Entities */,
			);
			path = Domain;
			sourceTree = "<group>";
		};
		F9CF82062C89A45F0029E7EE /* Entities */ = {
			isa = PBXGroup;
			children = (
				F9CF82122C89A7B00029E7EE /* Article.swift */,
			);
			path = Entities;
			sourceTree = "<group>";
		};
		F9CF82072C89A5D40029E7EE /* Persistence */ = {
			isa = PBXGroup;
			children = (
				F9CF81F32C899D6A0029E7EE /* HNTestMobile.xcdatamodeld */,
				F9CF81F62C899D9B0029E7EE /* CoreDataStack.swift */,
			);
			path = Persistence;
			sourceTree = "<group>";
		};
		F9CF82082C89A6160029E7EE /* Datasource */ = {
			isa = PBXGroup;
			children = (
				F9CF82092C89A63F0029E7EE /* RemoteArticleDataSource.swift */,
				F9CF820B2C89A6940029E7EE /* LocalArticleDataSource.swift */,
			);
			path = Datasource;
			sourceTree = "<group>";
		};
		F9CF820D2C89A6B60029E7EE /* Repository */ = {
			isa = PBXGroup;
			children = (
				F9CF820E2C89A7460029E7EE /* ArticleRepositoryImpl.swift */,
				F9CF82102C89A7720029E7EE /* ArticleRepository.swift */,
			);
			path = Repository;
			sourceTree = "<group>";
		};
		F9CF82142C89A8680029E7EE /* Network */ = {
			isa = PBXGroup;
			children = (
				F9CF82152C89A8A20029E7EE /* NetworkService.swift */,
			);
			path = Network;
			sourceTree = "<group>";
		};
		F9CF82172C89A8FF0029E7EE /* Factory */ = {
			isa = PBXGroup;
			children = (
				F9CF82182C89A9290029E7EE /* ArticleRepositoryFactory.swift */,
			);
			path = Factory;
			sourceTree = "<group>";
		};
		F9CF821B2C89AA5B0029E7EE /* Utils */ = {
			isa = PBXGroup;
			children = (
				F9CF821C2C89AA760029E7EE /* NetworkMonitor.swift */,
				F9CF821E2C89AAC30029E7EE /* Constants.swift */,
			);
			path = Utils;
			sourceTree = "<group>";
		};
/* End PBXGroup section */

/* Begin PBXNativeTarget section */
		F9CF81DC2C8994650029E7EE /* HNTestMobile */ = {
			isa = PBXNativeTarget;
			buildConfigurationList = F9CF81F02C8994660029E7EE /* Build configuration list for PBXNativeTarget "HNTestMobile" */;
			buildPhases = (
				F9CF81D92C8994650029E7EE /* Sources */,
				F9CF81DA2C8994650029E7EE /* Frameworks */,
				F9CF81DB2C8994650029E7EE /* Resources */,
			);
			buildRules = (
			);
			dependencies = (
			);
			name = HNTestMobile;
			productName = HNTestMobile;
			productReference = F9CF81DD2C8994650029E7EE /* HNTestMobile.app */;
			productType = "com.apple.product-type.application";
		};
/* End PBXNativeTarget section */

/* Begin PBXProject section */
		F9CF81D52C8994650029E7EE /* Project object */ = {
			isa = PBXProject;
			attributes = {
				BuildIndependentTargetsInParallel = 1;
				LastSwiftUpdateCheck = 1540;
				LastUpgradeCheck = 1540;
				TargetAttributes = {
					F9CF81DC2C8994650029E7EE = {
						CreatedOnToolsVersion = 15.4;
					};
				};
			};
			buildConfigurationList = F9CF81D82C8994650029E7EE /* Build configuration list for PBXProject "HNTestMobile" */;
			compatibilityVersion = "Xcode 14.0";
			developmentRegion = en;
			hasScannedForEncodings = 0;
			knownRegions = (
				en,
				Base,
			);
			mainGroup = F9CF81D42C8994650029E7EE;
			productRefGroup = F9CF81DE2C8994650029E7EE /* Products */;
			projectDirPath = "";
			projectRoot = "";
			targets = (
				F9CF81DC2C8994650029E7EE /* HNTestMobile */,
			);
		};
/* End PBXProject section */

/* Begin PBXResourcesBuildPhase section */
		F9CF81DB2C8994650029E7EE /* Resources */ = {
			isa = PBXResourcesBuildPhase;
			buildActionMask = 2147483647;
			files = (
				F9CF81E82C8994660029E7EE /* Preview Assets.xcassets in Resources */,
				F9CF81E52C8994660029E7EE /* Assets.xcassets in Resources */,
			);
			runOnlyForDeploymentPostprocessing = 0;
		};
/* End PBXResourcesBuildPhase section */

/* Begin PBXSourcesBuildPhase section */
		F9CF81D92C8994650029E7EE /* Sources */ = {
			isa = PBXSourcesBuildPhase;
			buildActionMask = 2147483647;
			files = (
				F9CF82132C89A7B00029E7EE /* Article.swift in Sources */,
				F9CF81F72C899D9B0029E7EE /* CoreDataStack.swift in Sources */,
				F9CF82012C89A3880029E7EE /* NewsListView.swift in Sources */,
				F9CF820C2C89A6940029E7EE /* LocalArticleDataSource.swift in Sources */,
				F9CF82192C89A9290029E7EE /* ArticleRepositoryFactory.swift in Sources */,
				F9CF81FC2C89A2ED0029E7EE /* ArticleViewModel.swift in Sources */,
				F9CF81E12C8994650029E7EE /* HNTestMobileApp.swift in Sources */,
				F9CF821F2C89AAC30029E7EE /* Constants.swift in Sources */,
				F9CF821D2C89AA760029E7EE /* NetworkMonitor.swift in Sources */,
				F9CF82112C89A7720029E7EE /* ArticleRepository.swift in Sources */,
				F9CF82032C89A3DC0029E7EE /* WebView.swift in Sources */,
				F9CF82162C89A8A20029E7EE /* NetworkService.swift in Sources */,
				F9CF820F2C89A7460029E7EE /* ArticleRepositoryImpl.swift in Sources */,
				F9CF820A2C89A63F0029E7EE /* RemoteArticleDataSource.swift in Sources */,
				F9CF81F52C899D6A0029E7EE /* HNTestMobile.xcdatamodeld in Sources */,
				F9CF81FF2C89A3590029E7EE /* ArticleItemView.swift in Sources */,
			);
			runOnlyForDeploymentPostprocessing = 0;
		};
/* End PBXSourcesBuildPhase section */

/* Begin XCBuildConfiguration section */
		F9CF81EE2C8994660029E7EE /* Debug */ = {
			isa = XCBuildConfiguration;
			buildSettings = {
				ALWAYS_SEARCH_USER_PATHS = NO;
				ASSETCATALOG_COMPILER_GENERATE_SWIFT_ASSET_SYMBOL_EXTENSIONS = YES;
				CLANG_ANALYZER_NONNULL = YES;
				CLANG_ANALYZER_NUMBER_OBJECT_CONVERSION = YES_AGGRESSIVE;
				CLANG_CXX_LANGUAGE_STANDARD = "gnu++20";
				CLANG_ENABLE_MODULES = YES;
				CLANG_ENABLE_OBJC_ARC = YES;
				CLANG_ENABLE_OBJC_WEAK = YES;
				CLANG_WARN_BLOCK_CAPTURE_AUTORELEASING = YES;
				CLANG_WARN_BOOL_CONVERSION = YES;
				CLANG_WARN_COMMA = YES;
				CLANG_WARN_CONSTANT_CONVERSION = YES;
				CLANG_WARN_DEPRECATED_OBJC_IMPLEMENTATIONS = YES;
				CLANG_WARN_DIRECT_OBJC_ISA_USAGE = YES_ERROR;
				CLANG_WARN_DOCUMENTATION_COMMENTS = YES;
				CLANG_WARN_EMPTY_BODY = YES;
				CLANG_WARN_ENUM_CONVERSION = YES;
				CLANG_WARN_INFINITE_RECURSION = YES;
				CLANG_WARN_INT_CONVERSION = YES;
				CLANG_WARN_NON_LITERAL_NULL_CONVERSION = YES;
				CLANG_WARN_OBJC_IMPLICIT_RETAIN_SELF = YES;
				CLANG_WARN_OBJC_LITERAL_CONVERSION = YES;
				CLANG_WARN_OBJC_ROOT_CLASS = YES_ERROR;
				CLANG_WARN_QUOTED_INCLUDE_IN_FRAMEWORK_HEADER = YES;
				CLANG_WARN_RANGE_LOOP_ANALYSIS = YES;
				CLANG_WARN_STRICT_PROTOTYPES = YES;
				CLANG_WARN_SUSPICIOUS_MOVE = YES;
				CLANG_WARN_UNGUARDED_AVAILABILITY = YES_AGGRESSIVE;
				CLANG_WARN_UNREACHABLE_CODE = YES;
				CLANG_WARN__DUPLICATE_METHOD_MATCH = YES;
				COPY_PHASE_STRIP = NO;
				DEBUG_INFORMATION_FORMAT = dwarf;
				ENABLE_STRICT_OBJC_MSGSEND = YES;
				ENABLE_TESTABILITY = YES;
				ENABLE_USER_SCRIPT_SANDBOXING = YES;
				GCC_C_LANGUAGE_STANDARD = gnu17;
				GCC_DYNAMIC_NO_PIC = NO;
				GCC_NO_COMMON_BLOCKS = YES;
				GCC_OPTIMIZATION_LEVEL = 0;
				GCC_PREPROCESSOR_DEFINITIONS = (
					"DEBUG=1",
					"$(inherited)",
				);
				GCC_WARN_64_TO_32_BIT_CONVERSION = YES;
				GCC_WARN_ABOUT_RETURN_TYPE = YES_ERROR;
				GCC_WARN_UNDECLARED_SELECTOR = YES;
				GCC_WARN_UNINITIALIZED_AUTOS = YES_AGGRESSIVE;
				GCC_WARN_UNUSED_FUNCTION = YES;
				GCC_WARN_UNUSED_VARIABLE = YES;
				IPHONEOS_DEPLOYMENT_TARGET = 17.5;
				LOCALIZATION_PREFERS_STRING_CATALOGS = YES;
				MTL_ENABLE_DEBUG_INFO = INCLUDE_SOURCE;
				MTL_FAST_MATH = YES;
				ONLY_ACTIVE_ARCH = YES;
				SDKROOT = iphoneos;
				SWIFT_ACTIVE_COMPILATION_CONDITIONS = "DEBUG $(inherited)";
				SWIFT_OPTIMIZATION_LEVEL = "-Onone";
			};
			name = Debug;
		};
		F9CF81EF2C8994660029E7EE /* Release */ = {
			isa = XCBuildConfiguration;
			buildSettings = {
				ALWAYS_SEARCH_USER_PATHS = NO;
				ASSETCATALOG_COMPILER_GENERATE_SWIFT_ASSET_SYMBOL_EXTENSIONS = YES;
				CLANG_ANALYZER_NONNULL = YES;
				CLANG_ANALYZER_NUMBER_OBJECT_CONVERSION = YES_AGGRESSIVE;
				CLANG_CXX_LANGUAGE_STANDARD = "gnu++20";
				CLANG_ENABLE_MODULES = YES;
				CLANG_ENABLE_OBJC_ARC = YES;
				CLANG_ENABLE_OBJC_WEAK = YES;
				CLANG_WARN_BLOCK_CAPTURE_AUTORELEASING = YES;
				CLANG_WARN_BOOL_CONVERSION = YES;
				CLANG_WARN_COMMA = YES;
				CLANG_WARN_CONSTANT_CONVERSION = YES;
				CLANG_WARN_DEPRECATED_OBJC_IMPLEMENTATIONS = YES;
				CLANG_WARN_DIRECT_OBJC_ISA_USAGE = YES_ERROR;
				CLANG_WARN_DOCUMENTATION_COMMENTS = YES;
				CLANG_WARN_EMPTY_BODY = YES;
				CLANG_WARN_ENUM_CONVERSION = YES;
				CLANG_WARN_INFINITE_RECURSION = YES;
				CLANG_WARN_INT_CONVERSION = YES;
				CLANG_WARN_NON_LITERAL_NULL_CONVERSION = YES;
				CLANG_WARN_OBJC_IMPLICIT_RETAIN_SELF = YES;
				CLANG_WARN_OBJC_LITERAL_CONVERSION = YES;
				CLANG_WARN_OBJC_ROOT_CLASS = YES_ERROR;
				CLANG_WARN_QUOTED_INCLUDE_IN_FRAMEWORK_HEADER = YES;
				CLANG_WARN_RANGE_LOOP_ANALYSIS = YES;
				CLANG_WARN_STRICT_PROTOTYPES = YES;
				CLANG_WARN_SUSPICIOUS_MOVE = YES;
				CLANG_WARN_UNGUARDED_AVAILABILITY = YES_AGGRESSIVE;
				CLANG_WARN_UNREACHABLE_CODE = YES;
				CLANG_WARN__DUPLICATE_METHOD_MATCH = YES;
				COPY_PHASE_STRIP = NO;
				DEBUG_INFORMATION_FORMAT = "dwarf-with-dsym";
				ENABLE_NS_ASSERTIONS = NO;
				ENABLE_STRICT_OBJC_MSGSEND = YES;
				ENABLE_USER_SCRIPT_SANDBOXING = YES;
				GCC_C_LANGUAGE_STANDARD = gnu17;
				GCC_NO_COMMON_BLOCKS = YES;
				GCC_WARN_64_TO_32_BIT_CONVERSION = YES;
				GCC_WARN_ABOUT_RETURN_TYPE = YES_ERROR;
				GCC_WARN_UNDECLARED_SELECTOR = YES;
				GCC_WARN_UNINITIALIZED_AUTOS = YES_AGGRESSIVE;
				GCC_WARN_UNUSED_FUNCTION = YES;
				GCC_WARN_UNUSED_VARIABLE = YES;
				IPHONEOS_DEPLOYMENT_TARGET = 17.5;
				LOCALIZATION_PREFERS_STRING_CATALOGS = YES;
				MTL_ENABLE_DEBUG_INFO = NO;
				MTL_FAST_MATH = YES;
				SDKROOT = iphoneos;
				SWIFT_COMPILATION_MODE = wholemodule;
				VALIDATE_PRODUCT = YES;
			};
			name = Release;
		};
		F9CF81F12C8994660029E7EE /* Debug */ = {
			isa = XCBuildConfiguration;
			buildSettings = {
				ASSETCATALOG_COMPILER_APPICON_NAME = AppIcon;
				ASSETCATALOG_COMPILER_GLOBAL_ACCENT_COLOR_NAME = AccentColor;
				CODE_SIGN_STYLE = Automatic;
				CURRENT_PROJECT_VERSION = 1;
				DEVELOPMENT_ASSET_PATHS = "\"HNTestMobile/Preview Content\"";
				ENABLE_PREVIEWS = YES;
				GENERATE_INFOPLIST_FILE = YES;
				INFOPLIST_KEY_UIApplicationSceneManifest_Generation = YES;
				INFOPLIST_KEY_UIApplicationSupportsIndirectInputEvents = YES;
				INFOPLIST_KEY_UILaunchScreen_Generation = YES;
				INFOPLIST_KEY_UISupportedInterfaceOrientations_iPad = "UIInterfaceOrientationPortrait UIInterfaceOrientationPortraitUpsideDown UIInterfaceOrientationLandscapeLeft UIInterfaceOrientationLandscapeRight";
				INFOPLIST_KEY_UISupportedInterfaceOrientations_iPhone = "UIInterfaceOrientationPortrait UIInterfaceOrientationLandscapeLeft UIInterfaceOrientationLandscapeRight";
				LD_RUNPATH_SEARCH_PATHS = (
					"$(inherited)",
					"@executable_path/Frameworks",
				);
				MARKETING_VERSION = 1.0;
				PRODUCT_BUNDLE_IDENTIFIER = com.gilberthpaez.HNTestMobile;
				PRODUCT_NAME = "$(TARGET_NAME)";
				SWIFT_EMIT_LOC_STRINGS = YES;
				SWIFT_VERSION = 5.0;
				TARGETED_DEVICE_FAMILY = "1,2";
			};
			name = Debug;
		};
		F9CF81F22C8994660029E7EE /* Release */ = {
			isa = XCBuildConfiguration;
			buildSettings = {
				ASSETCATALOG_COMPILER_APPICON_NAME = AppIcon;
				ASSETCATALOG_COMPILER_GLOBAL_ACCENT_COLOR_NAME = AccentColor;
				CODE_SIGN_STYLE = Automatic;
				CURRENT_PROJECT_VERSION = 1;
				DEVELOPMENT_ASSET_PATHS = "\"HNTestMobile/Preview Content\"";
				ENABLE_PREVIEWS = YES;
				GENERATE_INFOPLIST_FILE = YES;
				INFOPLIST_KEY_UIApplicationSceneManifest_Generation = YES;
				INFOPLIST_KEY_UIApplicationSupportsIndirectInputEvents = YES;
				INFOPLIST_KEY_UILaunchScreen_Generation = YES;
				INFOPLIST_KEY_UISupportedInterfaceOrientations_iPad = "UIInterfaceOrientationPortrait UIInterfaceOrientationPortraitUpsideDown UIInterfaceOrientationLandscapeLeft UIInterfaceOrientationLandscapeRight";
				INFOPLIST_KEY_UISupportedInterfaceOrientations_iPhone = "UIInterfaceOrientationPortrait UIInterfaceOrientationLandscapeLeft UIInterfaceOrientationLandscapeRight";
				LD_RUNPATH_SEARCH_PATHS = (
					"$(inherited)",
					"@executable_path/Frameworks",
				);
				MARKETING_VERSION = 1.0;
				PRODUCT_BUNDLE_IDENTIFIER = com.gilberthpaez.HNTestMobile;
				PRODUCT_NAME = "$(TARGET_NAME)";
				SWIFT_EMIT_LOC_STRINGS = YES;
				SWIFT_VERSION = 5.0;
				TARGETED_DEVICE_FAMILY = "1,2";
			};
			name = Release;
		};
/* End XCBuildConfiguration section */

/* Begin XCConfigurationList section */
		F9CF81D82C8994650029E7EE /* Build configuration list for PBXProject "HNTestMobile" */ = {
			isa = XCConfigurationList;
			buildConfigurations = (
				F9CF81EE2C8994660029E7EE /* Debug */,
				F9CF81EF2C8994660029E7EE /* Release */,
			);
			defaultConfigurationIsVisible = 0;
			defaultConfigurationName = Release;
		};
		F9CF81F02C8994660029E7EE /* Build configuration list for PBXNativeTarget "HNTestMobile" */ = {
			isa = XCConfigurationList;
			buildConfigurations = (
				F9CF81F12C8994660029E7EE /* Debug */,
				F9CF81F22C8994660029E7EE /* Release */,
			);
			defaultConfigurationIsVisible = 0;
			defaultConfigurationName = Release;
		};
/* End XCConfigurationList section */

/* Begin XCVersionGroup section */
		F9CF81F32C899D6A0029E7EE /* HNTestMobile.xcdatamodeld */ = {
			isa = XCVersionGroup;
			children = (
				F9CF81F42C899D6A0029E7EE /* HNTestMobile.xcdatamodel */,
			);
			currentVersion = F9CF81F42C899D6A0029E7EE /* HNTestMobile.xcdatamodel */;
			path = HNTestMobile.xcdatamodeld;
			sourceTree = "<group>";
			versionGroupType = wrapper.xcdatamodel;
		};
/* End XCVersionGroup section */
	};
	rootObject = F9CF81D52C8994650029E7EE /* Project object */;
}
